Microsoft Visual Studio Solution File, Format Version 12.00
# Visual Studio Version 17
VisualStudioVersion = 17.5.2.0
MinimumVisualStudioVersion = 10.0.40219.1
Project("{2150E333-8FDC-42A3-9474-1A3956D46DE8}") = "parking-lot", "parking-lot", "{4C1A6B71-64C8-AC93-5B2C-4EF434536C70}"
EndProject
Project("{2150E333-8FDC-42A3-9474-1A3956D46DE8}") = "stack-overflow", "stack-overflow", "{FFC48D3B-E56A-81E6-2A98-B16F427B2181}"
EndProject
Project("{FAE04EC0-301F-11D3-BF4B-00C04F79EFBC}") = "parking-lot", "parking-lot\parking-lot\parking-lot.csproj", "{05B5C915-2DBA-E35B-436D-F1C80AE1BEEC}"
EndProject
Project("{FAE04EC0-301F-11D3-BF4B-00C04F79EFBC}") = "stack-overflow", "stack-overflow\stack-overflow\stack-overflow.csproj", "{0AEA11AD-6DDC-91F4-4995-BFC04BD97C12}"
EndProject
Global
	GlobalSection(SolutionConfigurationPlatforms) = preSolution
		Debug|Any CPU = Debug|Any CPU
		Release|Any CPU = Release|Any CPU
	EndGlobalSection
	GlobalSection(ProjectConfigurationPlatforms) = postSolution
		{05B5C915-2DBA-E35B-436D-F1C80AE1BEEC}.Debug|Any CPU.ActiveCfg = Debug|Any CPU
		{05B5C915-2DBA-E35B-436D-F1C80AE1BEEC}.Debug|Any CPU.Build.0 = Debug|Any CPU
		{05B5C915-2DBA-E35B-436D-F1C80AE1BEEC}.Release|Any CPU.ActiveCfg = Release|Any CPU
		{05B5C915-2DBA-E35B-436D-F1C80AE1BEEC}.Release|Any CPU.Build.0 = Release|Any CPU
		{0AEA11AD-6DDC-91F4-4995-BFC04BD97C12}.Debug|Any CPU.ActiveCfg = Debug|Any CPU
		{0AEA11AD-6DDC-91F4-4995-BFC04BD97C12}.Debug|Any CPU.Build.0 = Debug|Any CPU
		{0AEA11AD-6DDC-91F4-4995-BFC04BD97C12}.Release|Any CPU.ActiveCfg = Release|Any CPU
		{0AEA11AD-6DDC-91F4-4995-BFC04BD97C12}.Release|Any CPU.Build.0 = Release|Any CPU
	EndGlobalSection
	GlobalSection(SolutionProperties) = preSolution
		HideSolutionNode = FALSE
	EndGlobalSection
	GlobalSection(NestedProjects) = preSolution
		{05B5C915-2DBA-E35B-436D-F1C80AE1BEEC} = {4C1A6B71-64C8-AC93-5B2C-4EF434536C70}
		{0AEA11AD-6DDC-91F4-4995-BFC04BD97C12} = {FFC48D3B-E56A-81E6-2A98-B16F427B2181}
	EndGlobalSection
	GlobalSection(ExtensibilityGlobals) = postSolution
		SolutionGuid = {1642740A-7CF6-4AA9-BC5C-58510755EE80}
	EndGlobalSection
EndGlobal
